{
  "originHash" : "0df4d0fd6db52581b5a8fe8c52e2a4bf0c1039bef3f2fa7d88571ee7d75b7a98",
  "pins" : [
    {
      "identity" : "clicky-background-computer-use",
      "kind" : "remoteSourceControl",
      "location" : "git@github.com:decocereus/clicky-background-computer-use.git",
      "state" : {
        "branch" : "main",
        "revision" : "7816d267e6b702a409ebd4cfc97254a1f45d6557"
      }
    }
  ],
  "version" : 3
}
